
Microsoft Visual Studio Solution File, Format Version 12.00
# Visual Studio 15
VisualStudioVersion = 15.0.28010.2046
MinimumVisualStudioVersion = 10.0.40219.1
Project("{FAE04EC0-301F-11D3-BF4B-00C04F79EFBC}") = "WebApplication4", "WebApplication4\WebApplication4.csproj", "{7EF6F833-26D0-4872-9731-BF9C2ACAB107}"
EndProject
Global
	GlobalSection(SolutionConfigurationPlatforms) = preSolution
		Debug|Any CPU = Debug|Any CPU
		Release|Any CPU = Release|Any CPU
	EndGlobalSection
	GlobalSection(ProjectConfigurationPlatforms) = postSolution
		{7EF6F833-26D0-4872-9731-BF9C2ACAB107}.Debug|Any CPU.ActiveCfg = Debug|Any CPU
		{7EF6F833-26D0-4872-9731-BF9C2ACAB107}.Debug|Any CPU.Build.0 = Debug|Any CPU
		{7EF6F833-26D0-4872-9731-BF9C2ACAB107}.Release|Any CPU.ActiveCfg = Release|Any CPU
		{7EF6F833-26D0-4872-9731-BF9C2ACAB107}.Release|Any CPU.Build.0 = Release|Any CPU
	EndGlobalSection
	GlobalSection(SolutionProperties) = preSolution
		HideSolutionNode = FALSE
	EndGlobalSection
	GlobalSection(ExtensibilityGlobals) = postSolution
		SolutionGuid = {FD3C99DB-5F1D-4D03-B8C8-C28E7F7A2FD7}
	EndGlobalSection
EndGlobal
